Microsoft Visual Studio Solution File, Format Version 12.00
# Visual Studio Version 17
VisualStudioVersion = 17.5.2.0
MinimumVisualStudioVersion = 10.0.40219.1
Project("{FAE04EC0-301F-11D3-BF4B-00C04F79EFBC}") = "BTLWNCao", "BTLWNCao.csproj", "{31BCCC85-D82D-047C-7468-4FA5E9B15C6C}"
EndProject
Global
	GlobalSection(SolutionConfigurationPlatforms) = preSolution
		Debug|Any CPU = Debug|Any CPU
		Release|Any CPU = Release|Any CPU
	EndGlobalSection
	GlobalSection(ProjectConfigurationPlatforms) = postSolution
		{31BCCC85-D82D-047C-7468-4FA5E9B15C6C}.Debug|Any CPU.ActiveCfg = Debug|Any CPU
		{31BCCC85-D82D-047C-7468-4FA5E9B15C6C}.Debug|Any CPU.Build.0 = Debug|Any CPU
		{31BCCC85-D82D-047C-7468-4FA5E9B15C6C}.Release|Any CPU.ActiveCfg = Release|Any CPU
		{31BCCC85-D82D-047C-7468-4FA5E9B15C6C}.Release|Any CPU.Build.0 = Release|Any CPU
	EndGlobalSection
	GlobalSection(SolutionProperties) = preSolution
		HideSolutionNode = FALSE
	EndGlobalSection
	GlobalSection(ExtensibilityGlobals) = postSolution
		SolutionGuid = {2C6961E8-BA72-429C-A214-C9BF1117518D}
	EndGlobalSection
EndGlobal
